
Microsoft Visual Studio Solution File, Format Version 12.00
# Visual Studio Version 16
VisualStudioVersion = 16.0.30621.155
MinimumVisualStudioVersion = 10.0.40219.1
Project("{FAE04EC0-301F-11D3-BF4B-00C04F79EFBC}") = "Ksenia", "Ksenia\Ksenia.csproj", "{84B71C38-024A-44BB-BDED-03190824BCAF}"
EndProject
Global
	GlobalSection(SolutionConfigurationPlatforms) = preSolution
		Debug|Any CPU = Debug|Any CPU
		Release|Any CPU = Release|Any CPU
	EndGlobalSection
	GlobalSection(ProjectConfigurationPlatforms) = postSolution
		{84B71C38-024A-44BB-BDED-03190824BCAF}.Debug|Any CPU.ActiveCfg = Debug|Any CPU
		{84B71C38-024A-44BB-BDED-03190824BCAF}.Debug|Any CPU.Build.0 = Debug|Any CPU
		{84B71C38-024A-44BB-BDED-03190824BCAF}.Release|Any CPU.ActiveCfg = Release|Any CPU
		{84B71C38-024A-44BB-BDED-03190824BCAF}.Release|Any CPU.Build.0 = Release|Any CPU
	EndGlobalSection
	GlobalSection(SolutionProperties) = preSolution
		HideSolutionNode = FALSE
	EndGlobalSection
	GlobalSection(ExtensibilityGlobals) = postSolution
		SolutionGuid = {FAE8B7A3-5C08-4507-AA76-7D41DC35EF0F}
	EndGlobalSection
EndGlobal
